PODS:
  - FIPTools (1.0.1)

DEPENDENCIES:
  - FIPTools (from `https://github.com/kamisama-shen/FIPTools.git`, tag `1.0.1`)

EXTERNAL SOURCES:
  FIPTools:
    :git: https://github.com/kamisama-shen/FIPTools.git
    :tag: 1.0.1

CHECKOUT OPTIONS:
  FIPTools:
    :git: https://github.com/kamisama-shen/FIPTools.git
    :tag: 1.0.1

SPEC CHECKSUMS:
  FIPTools: c861a970fcfed69e8cacb650b716c71a26bda062

PODFILE CHECKSUM: 933e369a6d686a733c0cecb218fc022b132016f6

COCOAPODS: 1.11.3
